
Microsoft Visual Studio Solution File, Format Version 12.00
# Visual Studio Version 17
VisualStudioVersion = 17.9.34616.47
MinimumVisualStudioVersion = 10.0.40219.1
Project("{FAE04EC0-301F-11D3-BF4B-00C04F79EFBC}") = "login_register_corewebapi", "login_register_corewebapi\login_register_corewebapi.csproj", "{32B9BBC0-5A0F-4812-8E22-98050CC7459B}"
EndProject
Global
	GlobalSection(SolutionConfigurationPlatforms) = preSolution
		Debug|Any CPU = Debug|Any CPU
		Release|Any CPU = Release|Any CPU
	EndGlobalSection
	GlobalSection(ProjectConfigurationPlatforms) = postSolution
		{32B9BBC0-5A0F-4812-8E22-98050CC7459B}.Debug|Any CPU.ActiveCfg = Debug|Any CPU
		{32B9BBC0-5A0F-4812-8E22-98050CC7459B}.Debug|Any CPU.Build.0 = Debug|Any CPU
		{32B9BBC0-5A0F-4812-8E22-98050CC7459B}.Release|Any CPU.ActiveCfg = Release|Any CPU
		{32B9BBC0-5A0F-4812-8E22-98050CC7459B}.Release|Any CPU.Build.0 = Release|Any CPU
	EndGlobalSection
	GlobalSection(SolutionProperties) = preSolution
		HideSolutionNode = FALSE
	EndGlobalSection
	GlobalSection(ExtensibilityGlobals) = postSolution
		SolutionGuid = {245AA1A3-A8D2-4A83-826A-6FA7E46A59FB}
	EndGlobalSection
EndGlobal
